
Microsoft Visual Studio Solution File, Format Version 12.00
# Visual Studio Version 17
VisualStudioVersion = 17.1.32210.238
MinimumVisualStudioVersion = 10.0.40219.1
Project("{9A19103F-16F7-4668-BE54-9A1E7A4F7556}") = "Task_04_04", "Task_04_04\Task_04_04.csproj", "{46B5C1F1-640D-4603-8CC5-E73FDCE43BE0}"
EndProject
Project("{9A19103F-16F7-4668-BE54-9A1E7A4F7556}") = "Helper", "Helper\Helper.csproj", "{6F75A7F8-ADE0-4ED6-8291-214081131947}"
EndProject
Project("{9A19103F-16F7-4668-BE54-9A1E7A4F7556}") = "Task_05_04", "Task_05_04\Task_05_04.csproj", "{5297CEB9-A01D-4F0D-8E3B-2256159433F0}"
EndProject
Project("{9A19103F-16F7-4668-BE54-9A1E7A4F7556}") = "Task_07_04", "Task_07_04\Task_07_04.csproj", "{EB842D8B-6CAF-436D-9716-DB514587A610}"
EndProject
Project("{FAE04EC0-301F-11D3-BF4B-00C04F79EFBC}") = "Task_08_04", "Task_08_04\Task_08_04.csproj", "{C1DDC069-B32F-4D61-A89A-9A6E259E5BE5}"
EndProject
Global
	GlobalSection(SolutionConfigurationPlatforms) = preSolution
		Debug|Any CPU = Debug|Any CPU
		Release|Any CPU = Release|Any CPU
	EndGlobalSection
	GlobalSection(ProjectConfigurationPlatforms) = postSolution
		{46B5C1F1-640D-4603-8CC5-E73FDCE43BE0}.Debug|Any CPU.ActiveCfg = Debug|Any CPU
		{46B5C1F1-640D-4603-8CC5-E73FDCE43BE0}.Debug|Any CPU.Build.0 = Debug|Any CPU
		{46B5C1F1-640D-4603-8CC5-E73FDCE43BE0}.Release|Any CPU.ActiveCfg = Release|Any CPU
		{46B5C1F1-640D-4603-8CC5-E73FDCE43BE0}.Release|Any CPU.Build.0 = Release|Any CPU
		{6F75A7F8-ADE0-4ED6-8291-214081131947}.Debug|Any CPU.ActiveCfg = Debug|Any CPU
		{6F75A7F8-ADE0-4ED6-8291-214081131947}.Debug|Any CPU.Build.0 = Debug|Any CPU
		{6F75A7F8-ADE0-4ED6-8291-214081131947}.Release|Any CPU.ActiveCfg = Release|Any CPU
		{6F75A7F8-ADE0-4ED6-8291-214081131947}.Release|Any CPU.Build.0 = Release|Any CPU
		{5297CEB9-A01D-4F0D-8E3B-2256159433F0}.Debug|Any CPU.ActiveCfg = Debug|Any CPU
		{5297CEB9-A01D-4F0D-8E3B-2256159433F0}.Debug|Any CPU.Build.0 = Debug|Any CPU
		{5297CEB9-A01D-4F0D-8E3B-2256159433F0}.Release|Any CPU.ActiveCfg = Release|Any CPU
		{5297CEB9-A01D-4F0D-8E3B-2256159433F0}.Release|Any CPU.Build.0 = Release|Any CPU
		{EB842D8B-6CAF-436D-9716-DB514587A610}.Debug|Any CPU.ActiveCfg = Debug|Any CPU
		{EB842D8B-6CAF-436D-9716-DB514587A610}.Debug|Any CPU.Build.0 = Debug|Any CPU
		{EB842D8B-6CAF-436D-9716-DB514587A610}.Release|Any CPU.ActiveCfg = Release|Any CPU
		{EB842D8B-6CAF-436D-9716-DB514587A610}.Release|Any CPU.Build.0 = Release|Any CPU
		{C1DDC069-B32F-4D61-A89A-9A6E259E5BE5}.Debug|Any CPU.ActiveCfg = Debug|Any CPU
		{C1DDC069-B32F-4D61-A89A-9A6E259E5BE5}.Debug|Any CPU.Build.0 = Debug|Any CPU
		{C1DDC069-B32F-4D61-A89A-9A6E259E5BE5}.Release|Any CPU.ActiveCfg = Release|Any CPU
		{C1DDC069-B32F-4D61-A89A-9A6E259E5BE5}.Release|Any CPU.Build.0 = Release|Any CPU
	EndGlobalSection
	GlobalSection(SolutionProperties) = preSolution
		HideSolutionNode = FALSE
	EndGlobalSection
	GlobalSection(ExtensibilityGlobals) = postSolution
		SolutionGuid = {625B434E-1A10-42C2-9E7F-19E163A96AAC}
	EndGlobalSection
EndGlobal
